{
  "nodes": {
    "gburghoorn_com": {
      "inputs": {
        "nixpkgs": [
          "nixpkgs"
        ]
      },
      "locked": {
        "lastModified": 1709548370,
        "narHash": "sha256-sHdxOeeDJgAp0y9CxpjqgjVqYosSV/ZG9vuGKlFLmj8=",
        "owner": "coastalwhite",
        "repo": "gburghoorn.com",
        "rev": "f31532847024bf5b537a5a333acd6e67a7e18573",
        "type": "github"
      },
      "original": {
        "owner": "coastalwhite",
        "repo": "gburghoorn.com",
        "type": "github"
      }
    },
    "nixpkgs": {
      "locked": {
        "lastModified": 1709487436,
        "narHash": "sha256-1W1Fa7a6fHmQLLmrkQ6atID1jtA1wEJ2gX8e8RReFuE=",
        "owner": "nixos",
        "repo": "nixpkgs",
        "rev": "51403ecd1909faa16fca0b5d37392f61ebcf231f",
        "type": "github"
      },
      "original": {
        "owner": "nixos",
        "repo": "nixpkgs",
        "type": "github"
      }
    },
    "root": {
      "inputs": {
        "gburghoorn_com": "gburghoorn_com",
        "nixpkgs": "nixpkgs"
      }
    }
  },
  "root": "root",
  "version": 7
}
