{
  "nodes": {
    "gburghoorn_com": {
      "inputs": {
        "nixpkgs": [
          "nixpkgs"
        ]
      },
      "locked": {
        "lastModified": 1709549451,
        "narHash": "sha256-v0qaTe1n9lr79hJkVoW4f5t+OLgJ0yc8GMhBHcACBEQ=",
        "owner": "coastalwhite",
        "repo": "gburghoorn.com",
        "rev": "889ef003fb8c0fb95bc0cdb444332b5680ae34c8",
        "type": "github"
      },
      "original": {
        "owner": "coastalwhite",
        "repo": "gburghoorn.com",
        "type": "github"
      }
    },
    "nixpkgs": {
      "locked": {
        "lastModified": 1709487436,
        "narHash": "sha256-1W1Fa7a6fHmQLLmrkQ6atID1jtA1wEJ2gX8e8RReFuE=",
        "owner": "nixos",
        "repo": "nixpkgs",
        "rev": "51403ecd1909faa16fca0b5d37392f61ebcf231f",
        "type": "github"
      },
      "original": {
        "owner": "nixos",
        "repo": "nixpkgs",
        "type": "github"
      }
    },
    "root": {
      "inputs": {
        "gburghoorn_com": "gburghoorn_com",
        "nixpkgs": "nixpkgs"
      }
    }
  },
  "root": "root",
  "version": 7
}
